<?xml version="1.0" encoding="utf-8"?>
<Project ToolsVersion="15.0" xmlns="http://schemas.microsoft.com/developer/msbuild/2003">
  <ItemGroup>
    <ClCompile Include="src\Driver.cpp">
      <Filter>Source Files</Filter>
    </ClCompile>
    <ClCompile Include="src\ODBCAccessTest.cpp">
      <Filter>Source Files</Filter>
    </ClCompile>
    <ClCompile Include="src\ODBCDB2Test.cpp">
      <Filter>Source Files</Filter>
    </ClCompile>
    <ClCompile Include="src\ODBCMySQLTest.cpp">
      <Filter>Source Files</Filter>
    </ClCompile>
    <ClCompile Include="src\ODBCOracleTest.cpp">
      <Filter>Source Files</Filter>
    </ClCompile>
    <ClCompile Include="src\ODBCPostgreSQLTest.cpp">
      <Filter>Source Files</Filter>
    </ClCompile>
    <ClCompile Include="src\ODBCSQLServerTest.cpp">
      <Filter>Source Files</Filter>
    </ClCompile>
    <ClCompile Include="src\ODBCSQLiteTest.cpp">
      <Filter>Source Files</Filter>
    </ClCompile>
    <ClCompile Include="src\ODBCTest.cpp">
      <Filter>Source Files</Filter>
    </ClCompile>
    <ClCompile Include="src\ODBCTestSuite.cpp">
      <Filter>Source Files</Filter>
    </ClCompile>
    <ClCompile Include="src\SQLExecutor.cpp">
      <Filter>Source Files</Filter>
    </ClCompile>
  </ItemGroup>
  <ItemGroup>
    <ClInclude Include="src\WinDriver.cpp">
      <Filter>Source Files</Filter>
    </ClInclude>
    <ClInclude Include="src\ODBCAccessTest.h">
      <Filter>Header Files</Filter>
    </ClInclude>
    <ClInclude Include="src\ODBCDB2Test.h">
      <Filter>Header Files</Filter>
    </ClInclude>
    <ClInclude Include="src\ODBCMySQLTest.h">
      <Filter>Header Files</Filter>
    </ClInclude>
    <ClInclude Include="src\ODBCOracleTest.h">
      <Filter>Header Files</Filter>
    </ClInclude>
    <ClInclude Include="src\ODBCPostgreSQLTest.h">
      <Filter>Header Files</Filter>
    </ClInclude>
    <ClInclude Include="src\ODBCSQLServerTest.h">
      <Filter>Header Files</Filter>
    </ClInclude>
    <ClInclude Include="src\ODBCSQLiteTest.h">
      <Filter>Header Files</Filter>
    </ClInclude>
    <ClInclude Include="src\ODBCTest.h">
      <Filter>Header Files</Filter>
    </ClInclude>
    <ClInclude Include="src\ODBCTestSuite.h">
      <Filter>Header Files</Filter>
    </ClInclude>
    <ClInclude Include="src\SQLExecutor.h">
      <Filter>Header Files</Filter>
    </ClInclude>
  </ItemGroup>
  <ItemGroup>
    <Filter Include="Header Files">
      <UniqueIdentifier>{C7A51AF3-5E63-3524-A5D9-BD23CBE6FFCD}</UniqueIdentifier>
    </Filter>
    <Filter Include="Source Files">
      <UniqueIdentifier>{E84E5699-6FD7-3DB8-9E41-F9B24643C0BD}</UniqueIdentifier>
    </Filter>
  </ItemGroup>
</Project>