<?xml version="1.0" encoding="utf-8"?>
<Project ToolsVersion="15.0" xmlns="http://schemas.microsoft.com/developer/msbuild/2003">
  <ItemGroup>
    <ClCompile Include="src\AbstractConfigurationTest.cpp">
      <Filter>Source Files</Filter>
    </ClCompile>
    <ClCompile Include="src\ConfigurationMapperTest.cpp">
      <Filter>Source Files</Filter>
    </ClCompile>
    <ClCompile Include="src\ConfigurationTestSuite.cpp">
      <Filter>Source Files</Filter>
    </ClCompile>
    <ClCompile Include="src\ConfigurationViewTest.cpp">
      <Filter>Source Files</Filter>
    </ClCompile>
    <ClCompile Include="src\Driver.cpp">
      <Filter>Source Files</Filter>
    </ClCompile>
    <ClCompile Include="src\FilesystemConfigurationTest.cpp">
      <Filter>Source Files</Filter>
    </ClCompile>
    <ClCompile Include="src\HelpFormatterTest.cpp">
      <Filter>Source Files</Filter>
    </ClCompile>
    <ClCompile Include="src\IniFileConfigurationTest.cpp">
      <Filter>Source Files</Filter>
    </ClCompile>
    <ClCompile Include="src\JSONConfigurationTest.cpp">
      <Filter>Source Files</Filter>
    </ClCompile>
    <ClCompile Include="src\LayeredConfigurationTest.cpp">
      <Filter>Source Files</Filter>
    </ClCompile>
    <ClCompile Include="src\LocalConfigurationViewTest.cpp">
      <Filter>Source Files</Filter>
    </ClCompile>
    <ClCompile Include="src\LoggingConfiguratorTest.cpp">
      <Filter>Source Files</Filter>
    </ClCompile>
    <ClCompile Include="src\MapConfigurationTest.cpp">
      <Filter>Source Files</Filter>
    </ClCompile>
    <ClCompile Include="src\OptionProcessorTest.cpp">
      <Filter>Source Files</Filter>
    </ClCompile>
    <ClCompile Include="src\OptionSetTest.cpp">
      <Filter>Source Files</Filter>
    </ClCompile>
    <ClCompile Include="src\OptionTest.cpp">
      <Filter>Source Files</Filter>
    </ClCompile>
    <ClCompile Include="src\OptionsTestSuite.cpp">
      <Filter>Source Files</Filter>
    </ClCompile>
    <ClCompile Include="src\PropertyFileConfigurationTest.cpp">
      <Filter>Source Files</Filter>
    </ClCompile>
    <ClCompile Include="src\SystemConfigurationTest.cpp">
      <Filter>Source Files</Filter>
    </ClCompile>
    <ClCompile Include="src\TimerTest.cpp">
      <Filter>Source Files</Filter>
    </ClCompile>
    <ClCompile Include="src\TimerTestSuite.cpp">
      <Filter>Source Files</Filter>
    </ClCompile>
    <ClCompile Include="src\UtilTestSuite.cpp">
      <Filter>Source Files</Filter>
    </ClCompile>
    <ClCompile Include="src\ValidatorTest.cpp">
      <Filter>Source Files</Filter>
    </ClCompile>
    <ClCompile Include="src\WinConfigurationTest.cpp">
      <Filter>Source Files</Filter>
    </ClCompile>
    <ClCompile Include="src\WinRegistryTest.cpp">
      <Filter>Source Files</Filter>
    </ClCompile>
    <ClCompile Include="src\WinServiceTest.cpp">
      <Filter>Source Files</Filter>
    </ClCompile>
    <ClCompile Include="src\WindowsTestSuite.cpp">
      <Filter>Source Files</Filter>
    </ClCompile>
    <ClCompile Include="src\XMLConfigurationTest.cpp">
      <Filter>Source Files</Filter>
    </ClCompile>
  </ItemGroup>
  <ItemGroup>
    <ClInclude Include="src\WinCEDriver.cpp">
      <Filter>Source Files</Filter>
    </ClInclude>
    <ClInclude Include="src\WinDriver.cpp">
      <Filter>Source Files</Filter>
    </ClInclude>
    <ClInclude Include="src\AbstractConfigurationTest.h">
      <Filter>Header Files</Filter>
    </ClInclude>
    <ClInclude Include="src\ConfigurationMapperTest.h">
      <Filter>Header Files</Filter>
    </ClInclude>
    <ClInclude Include="src\ConfigurationTestSuite.h">
      <Filter>Header Files</Filter>
    </ClInclude>
    <ClInclude Include="src\ConfigurationViewTest.h">
      <Filter>Header Files</Filter>
    </ClInclude>
    <ClInclude Include="src\FilesystemConfigurationTest.h">
      <Filter>Header Files</Filter>
    </ClInclude>
    <ClInclude Include="src\HelpFormatterTest.h">
      <Filter>Header Files</Filter>
    </ClInclude>
    <ClInclude Include="src\IniFileConfigurationTest.h">
      <Filter>Header Files</Filter>
    </ClInclude>
    <ClInclude Include="src\JSONConfigurationTest.h">
      <Filter>Header Files</Filter>
    </ClInclude>
    <ClInclude Include="src\LayeredConfigurationTest.h">
      <Filter>Header Files</Filter>
    </ClInclude>
    <ClInclude Include="src\LocalConfigurationViewTest.h">
      <Filter>Header Files</Filter>
    </ClInclude>
    <ClInclude Include="src\LoggingConfiguratorTest.h">
      <Filter>Header Files</Filter>
    </ClInclude>
    <ClInclude Include="src\MapConfigurationTest.h">
      <Filter>Header Files</Filter>
    </ClInclude>
    <ClInclude Include="src\OptionProcessorTest.h">
      <Filter>Header Files</Filter>
    </ClInclude>
    <ClInclude Include="src\OptionSetTest.h">
      <Filter>Header Files</Filter>
    </ClInclude>
    <ClInclude Include="src\OptionTest.h">
      <Filter>Header Files</Filter>
    </ClInclude>
    <ClInclude Include="src\OptionsTestSuite.h">
      <Filter>Header Files</Filter>
    </ClInclude>
    <ClInclude Include="src\PropertyFileConfigurationTest.h">
      <Filter>Header Files</Filter>
    </ClInclude>
    <ClInclude Include="src\SystemConfigurationTest.h">
      <Filter>Header Files</Filter>
    </ClInclude>
    <ClInclude Include="src\TimerTest.h">
      <Filter>Header Files</Filter>
    </ClInclude>
    <ClInclude Include="src\TimerTestSuite.h">
      <Filter>Header Files</Filter>
    </ClInclude>
    <ClInclude Include="src\UtilTestSuite.h">
      <Filter>Header Files</Filter>
    </ClInclude>
    <ClInclude Include="src\ValidatorTest.h">
      <Filter>Header Files</Filter>
    </ClInclude>
    <ClInclude Include="src\WinConfigurationTest.h">
      <Filter>Header Files</Filter>
    </ClInclude>
    <ClInclude Include="src\WinRegistryTest.h">
      <Filter>Header Files</Filter>
    </ClInclude>
    <ClInclude Include="src\WinServiceTest.h">
      <Filter>Header Files</Filter>
    </ClInclude>
    <ClInclude Include="src\WindowsTestSuite.h">
      <Filter>Header Files</Filter>
    </ClInclude>
    <ClInclude Include="src\XMLConfigurationTest.h">
      <Filter>Header Files</Filter>
    </ClInclude>
  </ItemGroup>
  <ItemGroup>
    <Filter Include="Header Files">
      <UniqueIdentifier>{C7A51AF3-5E63-3524-A5D9-BD23CBE6FFCD}</UniqueIdentifier>
    </Filter>
    <Filter Include="Source Files">
      <UniqueIdentifier>{E84E5699-6FD7-3DB8-9E41-F9B24643C0BD}</UniqueIdentifier>
    </Filter>
  </ItemGroup>
</Project>