<?xml version="1.0" encoding="utf-8"?>
<Project ToolsVersion="15.0" xmlns="http://schemas.microsoft.com/developer/msbuild/2003">
  <ItemGroup>
    <ClCompile Include="src\Binder.cpp">
      <Filter>Source Files</Filter>
    </ClCompile>
    <ClCompile Include="src\Connector.cpp">
      <Filter>Source Files</Filter>
    </ClCompile>
    <ClCompile Include="src\DataTest.cpp">
      <Filter>Source Files</Filter>
    </ClCompile>
    <ClCompile Include="src\DataTestSuite.cpp">
      <Filter>Source Files</Filter>
    </ClCompile>
    <ClCompile Include="src\Driver.cpp">
      <Filter>Source Files</Filter>
    </ClCompile>
    <ClCompile Include="src\Extractor.cpp">
      <Filter>Source Files</Filter>
    </ClCompile>
    <ClCompile Include="src\Preparator.cpp">
      <Filter>Source Files</Filter>
    </ClCompile>
    <ClCompile Include="src\SessionImpl.cpp">
      <Filter>Source Files</Filter>
    </ClCompile>
    <ClCompile Include="src\SessionPoolTest.cpp">
      <Filter>Source Files</Filter>
    </ClCompile>
    <ClCompile Include="src\TestStatementImpl.cpp">
      <Filter>Source Files</Filter>
    </ClCompile>
  </ItemGroup>
  <ItemGroup>
    <ClInclude Include="src\StatementImpl.cpp">
      <Filter>Source Files</Filter>
    </ClInclude>
    <ClInclude Include="src\WinCEDriver.cpp">
      <Filter>Source Files</Filter>
    </ClInclude>
    <ClInclude Include="src\WinDriver.cpp">
      <Filter>Source Files</Filter>
    </ClInclude>
    <ClInclude Include="src\Binder.h">
      <Filter>Header Files</Filter>
    </ClInclude>
    <ClInclude Include="src\Connector.h">
      <Filter>Header Files</Filter>
    </ClInclude>
    <ClInclude Include="src\DataTest.h">
      <Filter>Header Files</Filter>
    </ClInclude>
    <ClInclude Include="src\DataTestSuite.h">
      <Filter>Header Files</Filter>
    </ClInclude>
    <ClInclude Include="src\Extractor.h">
      <Filter>Header Files</Filter>
    </ClInclude>
    <ClInclude Include="src\Preparator.h">
      <Filter>Header Files</Filter>
    </ClInclude>
    <ClInclude Include="src\SessionImpl.h">
      <Filter>Header Files</Filter>
    </ClInclude>
    <ClInclude Include="src\SessionPoolTest.h">
      <Filter>Header Files</Filter>
    </ClInclude>
    <ClInclude Include="src\StatementImpl.h">
      <Filter>Header Files</Filter>
    </ClInclude>
    <ClInclude Include="src\TestStatementImpl.h">
      <Filter>Header Files</Filter>
    </ClInclude>
  </ItemGroup>
  <ItemGroup>
    <Filter Include="Header Files">
      <UniqueIdentifier>{C7A51AF3-5E63-3524-A5D9-BD23CBE6FFCD}</UniqueIdentifier>
    </Filter>
    <Filter Include="Source Files">
      <UniqueIdentifier>{E84E5699-6FD7-3DB8-9E41-F9B24643C0BD}</UniqueIdentifier>
    </Filter>
  </ItemGroup>
</Project>